
Microsoft Visual Studio Solution File, Format Version 12.00
# Visual Studio Version 17
VisualStudioVersion = 17.7.34024.191
MinimumVisualStudioVersion = 10.0.40219.1
Project("{FAE04EC0-301F-11D3-BF4B-00C04F79EFBC}") = "IterationBenchmark", "IterationBenchmark.csproj", "{EA1E0B0D-27A9-4948-A808-88EF7B66DB60}"
EndProject
Global
	GlobalSection(SolutionConfigurationPlatforms) = preSolution
		Debug|Any CPU = Debug|Any CPU
		Release|Any CPU = Release|Any CPU
	EndGlobalSection
	GlobalSection(ProjectConfigurationPlatforms) = postSolution
		{EA1E0B0D-27A9-4948-A808-88EF7B66DB60}.Debug|Any CPU.ActiveCfg = Debug|Any CPU
		{EA1E0B0D-27A9-4948-A808-88EF7B66DB60}.Debug|Any CPU.Build.0 = Debug|Any CPU
		{EA1E0B0D-27A9-4948-A808-88EF7B66DB60}.Release|Any CPU.ActiveCfg = Release|Any CPU
		{EA1E0B0D-27A9-4948-A808-88EF7B66DB60}.Release|Any CPU.Build.0 = Release|Any CPU
	EndGlobalSection
	GlobalSection(SolutionProperties) = preSolution
		HideSolutionNode = FALSE
	EndGlobalSection
	GlobalSection(ExtensibilityGlobals) = postSolution
		SolutionGuid = {F66DE781-DC86-43A5-A899-7CDE3B77DA20}
	EndGlobalSection
EndGlobal
